{
  "name": "rescript-project-template",
  "version": "0.0.1",
  "lockfileVersion": 2,
  "requires": true,
  "packages": {
    "": {
      "name": "rescript-project-template",
      "version": "0.0.1",
      "license": "MIT",
      "dependencies": {
        "rescript": "*"
      },
      "devDependencies": {
        "esbuild": "^0.12.1"
      }
    },
    "node_modules/esbuild": {
      "version": "0.12.1",
      "resolved": "https://npmjs.dev.clickncode.com/esbuild/-/esbuild-0.12.1.tgz",
      "integrity": "sha512-WfQ00MKm/Y4ysz1u9PCUAsV66k5lbrcEvS6aG9jhBIavpB94FBdaWeBkaZXxCZB4w+oqh+j4ozJFWnnFprOXbg==",
      "dev": true,
      "hasInstallScript": true,
      "license": "MIT",
      "bin": {
        "esbuild": "bin/esbuild"
      }
    },
    "node_modules/rescript": {
      "version": "9.1.2",
      "resolved": "https://npmjs.dev.clickncode.com/rescript/-/rescript-9.1.2.tgz",
      "integrity": "sha512-4wHvTDv3nyYnAPJHcg1RGG8z7u3HDiBf6RN3P/dITDv859Qo35aKOzJWQtfBzbAs0EKNafLqei3TnUqiAv6BwQ==",
      "hasInstallScript": true,
      "license": "SEE LICENSE IN LICENSE",
      "bin": {
        "bsc": "bsc",
        "bsrefmt": "bsrefmt",
        "bstracing": "lib/bstracing",
        "rescript": "rescript"
      }
    }
  },
  "dependencies": {
    "esbuild": {
      "version": "0.12.1",
      "resolved": "https://npmjs.dev.clickncode.com/esbuild/-/esbuild-0.12.1.tgz",
      "integrity": "sha512-WfQ00MKm/Y4ysz1u9PCUAsV66k5lbrcEvS6aG9jhBIavpB94FBdaWeBkaZXxCZB4w+oqh+j4ozJFWnnFprOXbg==",
      "dev": true
    },
    "rescript": {
      "version": "9.1.2",
      "resolved": "https://npmjs.dev.clickncode.com/rescript/-/rescript-9.1.2.tgz",
      "integrity": "sha512-4wHvTDv3nyYnAPJHcg1RGG8z7u3HDiBf6RN3P/dITDv859Qo35aKOzJWQtfBzbAs0EKNafLqei3TnUqiAv6BwQ=="
    }
  }
}
